# THIS IS AN AUTOGENERATED FILE. DO NOT EDIT THIS FILE DIRECTLY.
# yarn lockfile v1


baguettebox.js@^1.11.0:
  version "1.11.0"
  resolved "https://registry.yarnpkg.com/baguettebox.js/-/baguettebox.js-1.11.0.tgz#38b4e478dc91cad9e19060a15b19aae94724728d"
  integrity sha512-4IEXDE2Yje3o8nOdGoonxOfpiveXfF6YV4ggV04ky/pMquH/cKM1Tv7LeD3QPH6RK72V6c+oRFFLnrMc4xO5Cg==
